
Microsoft Visual Studio Solution File, Format Version 12.00
# Visual Studio Version 16
VisualStudioVersion = 25.0.1700.7
MinimumVisualStudioVersion = 10.0.40219.1
Project("{FAE04EC0-301F-11D3-BF4B-00C04F79EFBC}") = "DogAPI", "DogAPI\DogAPI.csproj", "{A75FA30F-A2A3-4436-816C-0A378DF8BD2C}"
EndProject
Project("{FAE04EC0-301F-11D3-BF4B-00C04F79EFBC}") = "test", "test\test.csproj", "{B6DB79AB-E959-4C21-A3D9-B4BD67536676}"
EndProject
Global
	GlobalSection(SolutionConfigurationPlatforms) = preSolution
		Debug|Any CPU = Debug|Any CPU
		Release|Any CPU = Release|Any CPU
	EndGlobalSection
	GlobalSection(ProjectConfigurationPlatforms) = postSolution
		{A75FA30F-A2A3-4436-816C-0A378DF8BD2C}.Debug|Any CPU.ActiveCfg = Debug|Any CPU
		{A75FA30F-A2A3-4436-816C-0A378DF8BD2C}.Debug|Any CPU.Build.0 = Debug|Any CPU
		{A75FA30F-A2A3-4436-816C-0A378DF8BD2C}.Release|Any CPU.ActiveCfg = Release|Any CPU
		{A75FA30F-A2A3-4436-816C-0A378DF8BD2C}.Release|Any CPU.Build.0 = Release|Any CPU
		{B6DB79AB-E959-4C21-A3D9-B4BD67536676}.Debug|Any CPU.ActiveCfg = Debug|Any CPU
		{B6DB79AB-E959-4C21-A3D9-B4BD67536676}.Debug|Any CPU.Build.0 = Debug|Any CPU
		{B6DB79AB-E959-4C21-A3D9-B4BD67536676}.Release|Any CPU.ActiveCfg = Release|Any CPU
		{B6DB79AB-E959-4C21-A3D9-B4BD67536676}.Release|Any CPU.Build.0 = Release|Any CPU
	EndGlobalSection
	GlobalSection(SolutionProperties) = preSolution
		HideSolutionNode = FALSE
	EndGlobalSection
	GlobalSection(ExtensibilityGlobals) = postSolution
		SolutionGuid = {3B7CD2B7-48F8-4CBE-8940-0742F397C605}
	EndGlobalSection
EndGlobal
